
Microsoft Visual Studio Solution File, Format Version 12.00
# Visual Studio Version 16
VisualStudioVersion = 16.0.30804.86
MinimumVisualStudioVersion = 10.0.40219.1
Project("{FAE04EC0-301F-11D3-BF4B-00C04F79EFBC}") = "store-api", "store-api\store-api.csproj", "{440A31F3-2D89-449D-B00F-6269497F2CA5}"
EndProject
Global
	GlobalSection(SolutionConfigurationPlatforms) = preSolution
		Debug|Any CPU = Debug|Any CPU
		Release|Any CPU = Release|Any CPU
	EndGlobalSection
	GlobalSection(ProjectConfigurationPlatforms) = postSolution
		{440A31F3-2D89-449D-B00F-6269497F2CA5}.Debug|Any CPU.ActiveCfg = Debug|Any CPU
		{440A31F3-2D89-449D-B00F-6269497F2CA5}.Debug|Any CPU.Build.0 = Debug|Any CPU
		{440A31F3-2D89-449D-B00F-6269497F2CA5}.Release|Any CPU.ActiveCfg = Release|Any CPU
		{440A31F3-2D89-449D-B00F-6269497F2CA5}.Release|Any CPU.Build.0 = Release|Any CPU
	EndGlobalSection
	GlobalSection(SolutionProperties) = preSolution
		HideSolutionNode = FALSE
	EndGlobalSection
	GlobalSection(ExtensibilityGlobals) = postSolution
		SolutionGuid = {65B1C225-C74C-4F3E-864F-EE26529B9606}
	EndGlobalSection
EndGlobal
